// !$*UTF8*$!
{
	archiveVersion = 1;
	classes = {
	};
	objectVersion = 50;
	objects = {

/* Begin PBXBuildFile section */
		C4E05FD0220EF7CE00749286 /* AppDelegate.swift in Sources */ = {isa = PBXBuildFile; fileRef = C4E05FCF220EF7CE00749286 /* AppDelegate.swift */; };
		C4E05FD2220EF7CE00749286 /* ViewController.swift in Sources */ = {isa = PBXBuildFile; fileRef = C4E05FD1220EF7CE00749286 /* ViewController.swift */; };
		C4E05FD5220EF7CE00749286 /* Main.storyboard in Resources */ = {isa = PBXBuildFile; fileRef = C4E05FD3220EF7CE00749286 /* Main.storyboard */; };
		C4E05FD7220EF7D100749286 /* Assets.xcassets in Resources */ = {isa = PBXBuildFile; fileRef = C4E05FD6220EF7D100749286 /* Assets.xcassets */; };
		C4E05FDA220EF7D100749286 /* LaunchScreen.storyboard in Resources */ = {isa = PBXBuildFile; fileRef = C4E05FD8220EF7D100749286 /* LaunchScreen.storyboard */; };
		C4E05FE2220EF9DC00749286 /* ShowScreenshotViewController.swift in Sources */ = {isa = PBXBuildFile; fileRef = C4E05FE1220EF9DC00749286 /* ShowScreenshotViewController.swift */; };
/* End PBXBuildFile section */

/* Begin PBXFileReference section */
		C4E05FCC220EF7CE00749286 /* Screenshot Test.app */ = {isa = PBXFileReference; explicitFileType = wrapper.application; includeInIndex = 0; path = "Screenshot Test.app"; sourceTree = BUILT_PRODUCTS_DIR; };
		C4E05FCF220EF7CE00749286 /* AppDelegate.swift */ = {isa = PBXFileReference; lastKnownFileType = sourcecode.swift; path = AppDelegate.swift; sourceTree = "<group>"; };
		C4E05FD1220EF7CE00749286 /* ViewController.swift */ = {isa = PBXFileReference; lastKnownFileType = sourcecode.swift; path = ViewController.swift; sourceTree = "<group>"; };
		C4E05FD4220EF7CE00749286 /* Base */ = {isa = PBXFileReference; lastKnownFileType = file.storyboard; name = Base; path = Base.lproj/Main.storyboard; sourceTree = "<group>"; };
		C4E05FD6220EF7D100749286 /* Assets.xcassets */ = {isa = PBXFileReference; lastKnownFileType = folder.assetcatalog; path = Assets.xcassets; sourceTree = "<group>"; };
		C4E05FD9220EF7D100749286 /* Base */ = {isa = PBXFileReference; lastKnownFileType = file.storyboard; name = Base; path = Base.lproj/LaunchScreen.storyboard; sourceTree = "<group>"; };
		C4E05FDB220EF7D100749286 /* Info.plist */ = {isa = PBXFileReference; lastKnownFileType = text.plist.xml; path = Info.plist; sourceTree = "<group>"; };
		C4E05FE1220EF9DC00749286 /* ShowScreenshotViewController.swift */ = {isa = PBXFileReference; lastKnownFileType = sourcecode.swift; path = ShowScreenshotViewController.swift; sourceTree = "<group>"; };
/* End PBXFileReference section */

/* Begin PBXFrameworksBuildPhase section */
		C4E05FC9220EF7CE00749286 /* Frameworks */ = {
			isa = PBXFrameworksBuildPhase;
			buildActionMask = 2147483647;
			files = (
			);
			runOnlyForDeploymentPostprocessing = 0;
		};
/* End PBXFrameworksBuildPhase section */

/* Begin PBXGroup section */
		C4E05FC3220EF7CE00749286 = {
			isa = PBXGroup;
			children = (
				C4E05FCE220EF7CE00749286 /* Screenshot Test */,
				C4E05FCD220EF7CE00749286 /* Products */,
			);
			sourceTree = "<group>";
		};
		C4E05FCD220EF7CE00749286 /* Products */ = {
			isa = PBXGroup;
			children = (
				C4E05FCC220EF7CE00749286 /* Screenshot Test.app */,
			);
			name = Products;
			sourceTree = "<group>";
		};
		C4E05FCE220EF7CE00749286 /* Screenshot Test */ = {
			isa = PBXGroup;
			children = (
				C4E05FCF220EF7CE00749286 /* AppDelegate.swift */,
				C4E05FD1220EF7CE00749286 /* ViewController.swift */,
				C4E05FD3220EF7CE00749286 /* Main.storyboard */,
				C4E05FD6220EF7D100749286 /* Assets.xcassets */,
				C4E05FD8220EF7D100749286 /* LaunchScreen.storyboard */,
				C4E05FDB220EF7D100749286 /* Info.plist */,
				C4E05FE1220EF9DC00749286 /* ShowScreenshotViewController.swift */,
			);
			path = "Screenshot Test";
			sourceTree = "<group>";
		};
/* End PBXGroup section */

/* Begin PBXNativeTarget section */
		C4E05FCB220EF7CE00749286 /* Screenshot Test */ = {
			isa = PBXNativeTarget;
			buildConfigurationList = C4E05FDE220EF7D100749286 /* Build configuration list for PBXNativeTarget "Screenshot Test" */;
			buildPhases = (
				C4E05FC8220EF7CE00749286 /* Sources */,
				C4E05FC9220EF7CE00749286 /* Frameworks */,
				C4E05FCA220EF7CE00749286 /* Resources */,
			);
			buildRules = (
			);
			dependencies = (
			);
			name = "Screenshot Test";
			productName = "Screenshot Test";
			productReference = C4E05FCC220EF7CE00749286 /* Screenshot Test.app */;
			productType = "com.apple.product-type.application";
		};
/* End PBXNativeTarget section */

/* Begin PBXProject section */
		C4E05FC4220EF7CE00749286 /* Project object */ = {
			isa = PBXProject;
			attributes = {
				LastSwiftUpdateCheck = 1010;
				LastUpgradeCheck = 1010;
				ORGANIZATIONNAME = "Naknut Industries";
				TargetAttributes = {
					C4E05FCB220EF7CE00749286 = {
						CreatedOnToolsVersion = 10.1;
					};
				};
			};
			buildConfigurationList = C4E05FC7220EF7CE00749286 /* Build configuration list for PBXProject "Screenshot Test" */;
			compatibilityVersion = "Xcode 9.3";
			developmentRegion = en;
			hasScannedForEncodings = 0;
			knownRegions = (
				en,
				Base,
			);
			mainGroup = C4E05FC3220EF7CE00749286;
			productRefGroup = C4E05FCD220EF7CE00749286 /* Products */;
			projectDirPath = "";
			projectRoot = "";
			targets = (
				C4E05FCB220EF7CE00749286 /* Screenshot Test */,
			);
		};
/* End PBXProject section */

/* Begin PBXResourcesBuildPhase section */
		C4E05FCA220EF7CE00749286 /* Resources */ = {
			isa = PBXResourcesBuildPhase;
			buildActionMask = 2147483647;
			files = (
				C4E05FDA220EF7D100749286 /* LaunchScreen.storyboard in Resources */,
				C4E05FD7220EF7D100749286 /* Assets.xcassets in Resources */,
				C4E05FD5220EF7CE00749286 /* Main.storyboard in Resources */,
			);
			runOnlyForDeploymentPostprocessing = 0;
		};
/* End PBXResourcesBuildPhase section */

/* Begin PBXSourcesBuildPhase section */
		C4E05FC8220EF7CE00749286 /* Sources */ = {
			isa = PBXSourcesBuildPhase;
			buildActionMask = 2147483647;
			files = (
				C4E05FD2220EF7CE00749286 /* ViewController.swift in Sources */,
				C4E05FD0220EF7CE00749286 /* AppDelegate.swift in Sources */,
				C4E05FE2220EF9DC00749286 /* ShowScreenshotViewController.swift in Sources */,
			);
			runOnlyForDeploymentPostprocessing = 0;
		};
/* End PBXSourcesBuildPhase section */

/* Begin PBXVariantGroup section */
		C4E05FD3220EF7CE00749286 /* Main.storyboard */ = {
			isa = PBXVariantGroup;
			children = (
				C4E05FD4220EF7CE00749286 /* Base */,
			);
			name = Main.storyboard;
			sourceTree = "<group>";
		};
		C4E05FD8220EF7D100749286 /* LaunchScreen.storyboard */ = {
			isa = PBXVariantGroup;
			children = (
				C4E05FD9220EF7D100749286 /* Base */,
			);
			name = LaunchScreen.storyboard;
			sourceTree = "<group>";
		};
/* End PBXVariantGroup section */

/* Begin XCBuildConfiguration section */
		C4E05FDC220EF7D100749286 /* Debug */ = {
			isa = XCBuildConfiguration;
			buildSettings = {
				ALWAYS_SEARCH_USER_PATHS = NO;
				CLANG_ANALYZER_NONNULL = YES;
				CLANG_ANALYZER_NUMBER_OBJECT_CONVERSION = YES_AGGRESSIVE;
				CLANG_CXX_LANGUAGE_STANDARD = "gnu++14";
				CLANG_CXX_LIBRARY = "libc++";
				CLANG_ENABLE_MODULES = YES;
				CLANG_ENABLE_OBJC_ARC = YES;
				CLANG_ENABLE_OBJC_WEAK = YES;
				CLANG_WARN_BLOCK_CAPTURE_AUTORELEASING = YES;
				CLANG_WARN_BOOL_CONVERSION = YES;
				CLANG_WARN_COMMA = YES;
				CLANG_WARN_CONSTANT_CONVERSION = YES;
				CLANG_WARN_DEPRECATED_OBJC_IMPLEMENTATIONS = YES;
				CLANG_WARN_DIRECT_OBJC_ISA_USAGE = YES_ERROR;
				CLANG_WARN_DOCUMENTATION_COMMENTS = YES;
				CLANG_WARN_EMPTY_BODY = YES;
				CLANG_WARN_ENUM_CONVERSION = YES;
				CLANG_WARN_INFINITE_RECURSION = YES;
				CLANG_WARN_INT_CONVERSION = YES;
				CLANG_WARN_NON_LITERAL_NULL_CONVERSION = YES;
				CLANG_WARN_OBJC_IMPLICIT_RETAIN_SELF = YES;
				CLANG_WARN_OBJC_LITERAL_CONVERSION = YES;
				CLANG_WARN_OBJC_ROOT_CLASS = YES_ERROR;
				CLANG_WARN_RANGE_LOOP_ANALYSIS = YES;
				CLANG_WARN_STRICT_PROTOTYPES = YES;
				CLANG_WARN_SUSPICIOUS_MOVE = YES;
				CLANG_WARN_UNGUARDED_AVAILABILITY = YES_AGGRESSIVE;
				CLANG_WARN_UNREACHABLE_CODE = YES;
				CLANG_WARN__DUPLICATE_METHOD_MATCH = YES;
				CODE_SIGN_IDENTITY = "iPhone Developer";
				COPY_PHASE_STRIP = NO;
				DEBUG_INFORMATION_FORMAT = dwarf;
				ENABLE_STRICT_OBJC_MSGSEND = YES;
				ENABLE_TESTABILITY = YES;
				GCC_C_LANGUAGE_STANDARD = gnu11;
				GCC_DYNAMIC_NO_PIC = NO;
				GCC_NO_COMMON_BLOCKS = YES;
				GCC_OPTIMIZATION_LEVEL = 0;
				GCC_PREPROCESSOR_DEFINITIONS = (
					"DEBUG=1",
					"$(inherited)",
				);
				GCC_WARN_64_TO_32_BIT_CONVERSION = YES;
				GCC_WARN_ABOUT_RETURN_TYPE = YES_ERROR;
				GCC_WARN_UNDECLARED_SELECTOR = YES;
				GCC_WARN_UNINITIALIZED_AUTOS = YES_AGGRESSIVE;
				GCC_WARN_UNUSED_FUNCTION = YES;
				GCC_WARN_UNUSED_VARIABLE = YES;
				IPHONEOS_DEPLOYMENT_TARGET = 12.1;
				MTL_ENABLE_DEBUG_INFO = INCLUDE_SOURCE;
				MTL_FAST_MATH = YES;
				ONLY_ACTIVE_ARCH = YES;
				SDKROOT = iphoneos;
				SWIFT_ACTIVE_COMPILATION_CONDITIONS = DEBUG;
				SWIFT_OPTIMIZATION_LEVEL = "-Onone";
			};
			name = Debug;
		};
		C4E05FDD220EF7D100749286 /* Release */ = {
			isa = XCBuildConfiguration;
			buildSettings = {
				ALWAYS_SEARCH_USER_PATHS = NO;
				CLANG_ANALYZER_NONNULL = YES;
				CLANG_ANALYZER_NUMBER_OBJECT_CONVERSION = YES_AGGRESSIVE;
				CLANG_CXX_LANGUAGE_STANDARD = "gnu++14";
				CLANG_CXX_LIBRARY = "libc++";
				CLANG_ENABLE_MODULES = YES;
				CLANG_ENABLE_OBJC_ARC = YES;
				CLANG_ENABLE_OBJC_WEAK = YES;
				CLANG_WARN_BLOCK_CAPTURE_AUTORELEASING = YES;
				CLANG_WARN_BOOL_CONVERSION = YES;
				CLANG_WARN_COMMA = YES;
				CLANG_WARN_CONSTANT_CONVERSION = YES;
				CLANG_WARN_DEPRECATED_OBJC_IMPLEMENTATIONS = YES;
				CLANG_WARN_DIRECT_OBJC_ISA_USAGE = YES_ERROR;
				CLANG_WARN_DOCUMENTATION_COMMENTS = YES;
				CLANG_WARN_EMPTY_BODY = YES;
				CLANG_WARN_ENUM_CONVERSION = YES;
				CLANG_WARN_INFINITE_RECURSION = YES;
				CLANG_WARN_INT_CONVERSION = YES;
				CLANG_WARN_NON_LITERAL_NULL_CONVERSION = YES;
				CLANG_WARN_OBJC_IMPLICIT_RETAIN_SELF = YES;
				CLANG_WARN_OBJC_LITERAL_CONVERSION = YES;
				CLANG_WARN_OBJC_ROOT_CLASS = YES_ERROR;
				CLANG_WARN_RANGE_LOOP_ANALYSIS = YES;
				CLANG_WARN_STRICT_PROTOTYPES = YES;
				CLANG_WARN_SUSPICIOUS_MOVE = YES;
				CLANG_WARN_UNGUARDED_AVAILABILITY = YES_AGGRESSIVE;
				CLANG_WARN_UNREACHABLE_CODE = YES;
				CLANG_WARN__DUPLICATE_METHOD_MATCH = YES;
				CODE_SIGN_IDENTITY = "iPhone Developer";
				COPY_PHASE_STRIP = NO;
				DEBUG_INFORMATION_FORMAT = "dwarf-with-dsym";
				ENABLE_NS_ASSERTIONS = NO;
				ENABLE_STRICT_OBJC_MSGSEND = YES;
				GCC_C_LANGUAGE_STANDARD = gnu11;
				GCC_NO_COMMON_BLOCKS = YES;
				GCC_WARN_64_TO_32_BIT_CONVERSION = YES;
				GCC_WARN_ABOUT_RETURN_TYPE = YES_ERROR;
				GCC_WARN_UNDECLARED_SELECTOR = YES;
				GCC_WARN_UNINITIALIZED_AUTOS = YES_AGGRESSIVE;
				GCC_WARN_UNUSED_FUNCTION = YES;
				GCC_WARN_UNUSED_VARIABLE = YES;
				IPHONEOS_DEPLOYMENT_TARGET = 12.1;
				MTL_ENABLE_DEBUG_INFO = NO;
				MTL_FAST_MATH = YES;
				SDKROOT = iphoneos;
				SWIFT_COMPILATION_MODE = wholemodule;
				SWIFT_OPTIMIZATION_LEVEL = "-O";
				VALIDATE_PRODUCT = YES;
			};
			name = Release;
		};
		C4E05FDF220EF7D100749286 /* Debug */ = {
			isa = XCBuildConfiguration;
			buildSettings = {
				ASSETCATALOG_COMPILER_APPICON_NAME = AppIcon;
				CODE_SIGN_STYLE = Automatic;
				DEVELOPMENT_TEAM = PEWJ2U74XT;
				INFOPLIST_FILE = "Screenshot Test/Info.plist";
				LD_RUNPATH_SEARCH_PATHS = (
					"$(inherited)",
					"@executable_path/Frameworks",
				);
				PRODUCT_BUNDLE_IDENTIFIER = "com.naknut.Screenshot-Test";
				PRODUCT_NAME = "$(TARGET_NAME)";
				SWIFT_VERSION = 4.2;
				TARGETED_DEVICE_FAMILY = "1,2";
			};
			name = Debug;
		};
		C4E05FE0220EF7D100749286 /* Release */ = {
			isa = XCBuildConfiguration;
			buildSettings = {
				ASSETCATALOG_COMPILER_APPICON_NAME = AppIcon;
				CODE_SIGN_STYLE = Automatic;
				DEVELOPMENT_TEAM = PEWJ2U74XT;
				INFOPLIST_FILE = "Screenshot Test/Info.plist";
				LD_RUNPATH_SEARCH_PATHS = (
					"$(inherited)",
					"@executable_path/Frameworks",
				);
				PRODUCT_BUNDLE_IDENTIFIER = "com.naknut.Screenshot-Test";
				PRODUCT_NAME = "$(TARGET_NAME)";
				SWIFT_VERSION = 4.2;
				TARGETED_DEVICE_FAMILY = "1,2";
			};
			name = Release;
		};
/* End XCBuildConfiguration section */

/* Begin XCConfigurationList section */
		C4E05FC7220EF7CE00749286 /* Build configuration list for PBXProject "Screenshot Test" */ = {
			isa = XCConfigurationList;
			buildConfigurations = (
				C4E05FDC220EF7D100749286 /* Debug */,
				C4E05FDD220EF7D100749286 /* Release */,
			);
			defaultConfigurationIsVisible = 0;
			defaultConfigurationName = Release;
		};
		C4E05FDE220EF7D100749286 /* Build configuration list for PBXNativeTarget "Screenshot Test" */ = {
			isa = XCConfigurationList;
			buildConfigurations = (
				C4E05FDF220EF7D100749286 /* Debug */,
				C4E05FE0220EF7D100749286 /* Release */,
			);
			defaultConfigurationIsVisible = 0;
			defaultConfigurationName = Release;
		};
/* End XCConfigurationList section */
	};
	rootObject = C4E05FC4220EF7CE00749286 /* Project object */;
}
